
Microsoft Visual Studio Solution File, Format Version 12.00
# Visual Studio 15
VisualStudioVersion = 15.0.28307.421
MinimumVisualStudioVersion = 10.0.40219.1
Project("{FAE04EC0-301F-11D3-BF4B-00C04F79EFBC}") = "GitMvcExample", "GitMvcExample\GitMvcExample.csproj", "{678C99E0-6E48-4530-A761-65F4989FC858}"
EndProject
Global
	GlobalSection(SolutionConfigurationPlatforms) = preSolution
		Debug|Any CPU = Debug|Any CPU
		Release|Any CPU = Release|Any CPU
	EndGlobalSection
	GlobalSection(ProjectConfigurationPlatforms) = postSolution
		{678C99E0-6E48-4530-A761-65F4989FC858}.Debug|Any CPU.ActiveCfg = Debug|Any CPU
		{678C99E0-6E48-4530-A761-65F4989FC858}.Debug|Any CPU.Build.0 = Debug|Any CPU
		{678C99E0-6E48-4530-A761-65F4989FC858}.Release|Any CPU.ActiveCfg = Release|Any CPU
		{678C99E0-6E48-4530-A761-65F4989FC858}.Release|Any CPU.Build.0 = Release|Any CPU
	EndGlobalSection
	GlobalSection(SolutionProperties) = preSolution
		HideSolutionNode = FALSE
	EndGlobalSection
	GlobalSection(ExtensibilityGlobals) = postSolution
		SolutionGuid = {2E96B688-4880-4F46-A23D-083A511037F2}
	EndGlobalSection
EndGlobal
